// !$*UTF8*$!
{
	archiveVersion = 1;
	classes = {
	};
	objectVersion = 46;
	objects = {

/* Begin PBXBuildFile section */
		2AEBE6DC1870C29F0023F178 /* Foundation.framework in Frameworks */ = {isa = PBXBuildFile; fileRef = 2AEBE6DB1870C29F0023F178 /* Foundation.framework */; };
		2AEBE6DE1870C29F0023F178 /* CoreGraphics.framework in Frameworks */ = {isa = PBXBuildFile; fileRef = 2AEBE6DD1870C29F0023F178 /* CoreGraphics.framework */; };
		2AEBE6E01870C29F0023F178 /* UIKit.framework in Frameworks */ = {isa = PBXBuildFile; fileRef = 2AEBE6DF1870C29F0023F178 /* UIKit.framework */; };
		2AEBE6E61870C29F0023F178 /* InfoPlist.strings in Resources */ = {isa = PBXBuildFile; fileRef = 2AEBE6E41870C29F0023F178 /* InfoPlist.strings */; };
		2AEBE6E81870C29F0023F178 /* main.m in Sources */ = {isa = PBXBuildFile; fileRef = 2AEBE6E71870C29F0023F178 /* main.m */; };
		2AEBE6EC1870C29F0023F178 /* AppDelegate.m in Sources */ = {isa = PBXBuildFile; fileRef = 2AEBE6EB1870C29F0023F178 /* AppDelegate.m */; };
		2AEBE6EF1870C29F0023F178 /* Main.storyboard in Resources */ = {isa = PBXBuildFile; fileRef = 2AEBE6ED1870C29F0023F178 /* Main.storyboard */; };
		2AEBE6F21870C29F0023F178 /* ViewController.m in Sources */ = {isa = PBXBuildFile; fileRef = 2AEBE6F11870C29F0023F178 /* ViewController.m */; };
		2AEBE6F41870C29F0023F178 /* Images.xcassets in Resources */ = {isa = PBXBuildFile; fileRef = 2AEBE6F31870C29F0023F178 /* Images.xcassets */; };
		2AEBE6FB1870C29F0023F178 /* XCTest.framework in Frameworks */ = {isa = PBXBuildFile; fileRef = 2AEBE6FA1870C29F0023F178 /* XCTest.framework */; };
		2AEBE6FC1870C29F0023F178 /* Foundation.framework in Frameworks */ = {isa = PBXBuildFile; fileRef = 2AEBE6DB1870C29F0023F178 /* Foundation.framework */; };
		2AEBE6FD1870C29F0023F178 /* UIKit.framework in Frameworks */ = {isa = PBXBuildFile; fileRef = 2AEBE6DF1870C29F0023F178 /* UIKit.framework */; };
		2AEBE7051870C29F0023F178 /* InfoPlist.strings in Resources */ = {isa = PBXBuildFile; fileRef = 2AEBE7031870C29F0023F178 /* InfoPlist.strings */; };
		2AEBE7071870C29F0023F178 /* autolayout_animation_exampleTests.m in Sources */ = {isa = PBXBuildFile; fileRef = 2AEBE7061870C29F0023F178 /* autolayout_animation_exampleTests.m */; };
/* End PBXBuildFile section */

/* Begin PBXContainerItemProxy section */
		2AEBE6FE1870C29F0023F178 /* PBXContainerItemProxy */ = {
			isa = PBXContainerItemProxy;
			containerPortal = 2AEBE6D01870C29F0023F178 /* Project object */;
			proxyType = 1;
			remoteGlobalIDString = 2AEBE6D71870C29F0023F178;
			remoteInfo = "autolayout-animation-example";
		};
/* End PBXContainerItemProxy section */

/* Begin PBXFileReference section */
		2AEBE6D81870C29F0023F178 /* autolayout-animation-example.app */ = {isa = PBXFileReference; explicitFileType = wrapper.application; includeInIndex = 0; path = "autolayout-animation-example.app"; sourceTree = BUILT_PRODUCTS_DIR; };
		2AEBE6DB1870C29F0023F178 /* Foundation.framework */ = {isa = PBXFileReference; lastKnownFileType = wrapper.framework; name = Foundation.framework; path = System/Library/Frameworks/Foundation.framework; sourceTree = SDKROOT; };
		2AEBE6DD1870C29F0023F178 /* CoreGraphics.framework */ = {isa = PBXFileReference; lastKnownFileType = wrapper.framework; name = CoreGraphics.framework; path = System/Library/Frameworks/CoreGraphics.framework; sourceTree = SDKROOT; };
		2AEBE6DF1870C29F0023F178 /* UIKit.framework */ = {isa = PBXFileReference; lastKnownFileType = wrapper.framework; name = UIKit.framework; path = System/Library/Frameworks/UIKit.framework; sourceTree = SDKROOT; };
		2AEBE6E31870C29F0023F178 /* autolayout-animation-example-Info.plist */ = {isa = PBXFileReference; lastKnownFileType = text.plist.xml; path = "autolayout-animation-example-Info.plist"; sourceTree = "<group>"; };
		2AEBE6E51870C29F0023F178 /* en */ = {isa = PBXFileReference; lastKnownFileType = text.plist.strings; name = en; path = en.lproj/InfoPlist.strings; sourceTree = "<group>"; };
		2AEBE6E71870C29F0023F178 /* main.m */ = {isa = PBXFileReference; lastKnownFileType = sourcecode.c.objc; path = main.m; sourceTree = "<group>"; };
		2AEBE6E91870C29F0023F178 /* autolayout-animation-example-Prefix.pch */ = {isa = PBXFileReference; lastKnownFileType = sourcecode.c.h; path = "autolayout-animation-example-Prefix.pch"; sourceTree = "<group>"; };
		2AEBE6EA1870C29F0023F178 /* AppDelegate.h */ = {isa = PBXFileReference; lastKnownFileType = sourcecode.c.h; path = AppDelegate.h; sourceTree = "<group>"; };
		2AEBE6EB1870C29F0023F178 /* AppDelegate.m */ = {isa = PBXFileReference; lastKnownFileType = sourcecode.c.objc; path = AppDelegate.m; sourceTree = "<group>"; };
		2AEBE6EE1870C29F0023F178 /* Base */ = {isa = PBXFileReference; lastKnownFileType = file.storyboard; name = Base; path = Base.lproj/Main.storyboard; sourceTree = "<group>"; };
		2AEBE6F01870C29F0023F178 /* ViewController.h */ = {isa = PBXFileReference; lastKnownFileType = sourcecode.c.h; path = ViewController.h; sourceTree = "<group>"; };
		2AEBE6F11870C29F0023F178 /* ViewController.m */ = {isa = PBXFileReference; lastKnownFileType = sourcecode.c.objc; path = ViewController.m; sourceTree = "<group>"; };
		2AEBE6F31870C29F0023F178 /* Images.xcassets */ = {isa = PBXFileReference; lastKnownFileType = folder.assetcatalog; path = Images.xcassets; sourceTree = "<group>"; };
		2AEBE6F91870C29F0023F178 /* autolayout-animation-exampleTests.xctest */ = {isa = PBXFileReference; explicitFileType = wrapper.cfbundle; includeInIndex = 0; path = "autolayout-animation-exampleTests.xctest"; sourceTree = BUILT_PRODUCTS_DIR; };
		2AEBE6FA1870C29F0023F178 /* XCTest.framework */ = {isa = PBXFileReference; lastKnownFileType = wrapper.framework; name = XCTest.framework; path = Library/Frameworks/XCTest.framework; sourceTree = DEVELOPER_DIR; };
		2AEBE7021870C29F0023F178 /* autolayout-animation-exampleTests-Info.plist */ = {isa = PBXFileReference; lastKnownFileType = text.plist.xml; path = "autolayout-animation-exampleTests-Info.plist"; sourceTree = "<group>"; };
		2AEBE7041870C29F0023F178 /* en */ = {isa = PBXFileReference; lastKnownFileType = text.plist.strings; name = en; path = en.lproj/InfoPlist.strings; sourceTree = "<group>"; };
		2AEBE7061870C29F0023F178 /* autolayout_animation_exampleTests.m */ = {isa = PBXFileReference; lastKnownFileType = sourcecode.c.objc; path = autolayout_animation_exampleTests.m; sourceTree = "<group>"; };
/* End PBXFileReference section */

/* Begin PBXFrameworksBuildPhase section */
		2AEBE6D51870C29F0023F178 /* Frameworks */ = {
			isa = PBXFrameworksBuildPhase;
			buildActionMask = 2147483647;
			files = (
				2AEBE6DE1870C29F0023F178 /* CoreGraphics.framework in Frameworks */,
				2AEBE6E01870C29F0023F178 /* UIKit.framework in Frameworks */,
				2AEBE6DC1870C29F0023F178 /* Foundation.framework in Frameworks */,
			);
			runOnlyForDeploymentPostprocessing = 0;
		};
		2AEBE6F61870C29F0023F178 /* Frameworks */ = {
			isa = PBXFrameworksBuildPhase;
			buildActionMask = 2147483647;
			files = (
				2AEBE6FB1870C29F0023F178 /* XCTest.framework in Frameworks */,
				2AEBE6FD1870C29F0023F178 /* UIKit.framework in Frameworks */,
				2AEBE6FC1870C29F0023F178 /* Foundation.framework in Frameworks */,
			);
			runOnlyForDeploymentPostprocessing = 0;
		};
/* End PBXFrameworksBuildPhase section */

/* Begin PBXGroup section */
		2AEBE6CF1870C29F0023F178 = {
			isa = PBXGroup;
			children = (
				2AEBE6E11870C29F0023F178 /* autolayout-animation-example */,
				2AEBE7001870C29F0023F178 /* autolayout-animation-exampleTests */,
				2AEBE6DA1870C29F0023F178 /* Frameworks */,
				2AEBE6D91870C29F0023F178 /* Products */,
			);
			sourceTree = "<group>";
		};
		2AEBE6D91870C29F0023F178 /* Products */ = {
			isa = PBXGroup;
			children = (
				2AEBE6D81870C29F0023F178 /* autolayout-animation-example.app */,
				2AEBE6F91870C29F0023F178 /* autolayout-animation-exampleTests.xctest */,
			);
			name = Products;
			sourceTree = "<group>";
		};
		2AEBE6DA1870C29F0023F178 /* Frameworks */ = {
			isa = PBXGroup;
			children = (
				2AEBE6DB1870C29F0023F178 /* Foundation.framework */,
				2AEBE6DD1870C29F0023F178 /* CoreGraphics.framework */,
				2AEBE6DF1870C29F0023F178 /* UIKit.framework */,
				2AEBE6FA1870C29F0023F178 /* XCTest.framework */,
			);
			name = Frameworks;
			sourceTree = "<group>";
		};
		2AEBE6E11870C29F0023F178 /* autolayout-animation-example */ = {
			isa = PBXGroup;
			children = (
				2AEBE6EA1870C29F0023F178 /* AppDelegate.h */,
				2AEBE6EB1870C29F0023F178 /* AppDelegate.m */,
				2AEBE6ED1870C29F0023F178 /* Main.storyboard */,
				2AEBE6F01870C29F0023F178 /* ViewController.h */,
				2AEBE6F11870C29F0023F178 /* ViewController.m */,
				2AEBE6F31870C29F0023F178 /* Images.xcassets */,
				2AEBE6E21870C29F0023F178 /* Supporting Files */,
			);
			path = "autolayout-animation-example";
			sourceTree = "<group>";
		};
		2AEBE6E21870C29F0023F178 /* Supporting Files */ = {
			isa = PBXGroup;
			children = (
				2AEBE6E31870C29F0023F178 /* autolayout-animation-example-Info.plist */,
				2AEBE6E41870C29F0023F178 /* InfoPlist.strings */,
				2AEBE6E71870C29F0023F178 /* main.m */,
				2AEBE6E91870C29F0023F178 /* autolayout-animation-example-Prefix.pch */,
			);
			name = "Supporting Files";
			sourceTree = "<group>";
		};
		2AEBE7001870C29F0023F178 /* autolayout-animation-exampleTests */ = {
			isa = PBXGroup;
			children = (
				2AEBE7061870C29F0023F178 /* autolayout_animation_exampleTests.m */,
				2AEBE7011870C29F0023F178 /* Supporting Files */,
			);
			path = "autolayout-animation-exampleTests";
			sourceTree = "<group>";
		};
		2AEBE7011870C29F0023F178 /* Supporting Files */ = {
			isa = PBXGroup;
			children = (
				2AEBE7021870C29F0023F178 /* autolayout-animation-exampleTests-Info.plist */,
				2AEBE7031870C29F0023F178 /* InfoPlist.strings */,
			);
			name = "Supporting Files";
			sourceTree = "<group>";
		};
/* End PBXGroup section */

/* Begin PBXNativeTarget section */
		2AEBE6D71870C29F0023F178 /* autolayout-animation-example */ = {
			isa = PBXNativeTarget;
			buildConfigurationList = 2AEBE70A1870C29F0023F178 /* Build configuration list for PBXNativeTarget "autolayout-animation-example" */;
			buildPhases = (
				2AEBE6D41870C29F0023F178 /* Sources */,
				2AEBE6D51870C29F0023F178 /* Frameworks */,
				2AEBE6D61870C29F0023F178 /* Resources */,
			);
			buildRules = (
			);
			dependencies = (
			);
			name = "autolayout-animation-example";
			productName = "autolayout-animation-example";
			productReference = 2AEBE6D81870C29F0023F178 /* autolayout-animation-example.app */;
			productType = "com.apple.product-type.application";
		};
		2AEBE6F81870C29F0023F178 /* autolayout-animation-exampleTests */ = {
			isa = PBXNativeTarget;
			buildConfigurationList = 2AEBE70D1870C29F0023F178 /* Build configuration list for PBXNativeTarget "autolayout-animation-exampleTests" */;
			buildPhases = (
				2AEBE6F51870C29F0023F178 /* Sources */,
				2AEBE6F61870C29F0023F178 /* Frameworks */,
				2AEBE6F71870C29F0023F178 /* Resources */,
			);
			buildRules = (
			);
			dependencies = (
				2AEBE6FF1870C29F0023F178 /* PBXTargetDependency */,
			);
			name = "autolayout-animation-exampleTests";
			productName = "autolayout-animation-exampleTests";
			productReference = 2AEBE6F91870C29F0023F178 /* autolayout-animation-exampleTests.xctest */;
			productType = "com.apple.product-type.bundle.unit-test";
		};
/* End PBXNativeTarget section */

/* Begin PBXProject section */
		2AEBE6D01870C29F0023F178 /* Project object */ = {
			isa = PBXProject;
			attributes = {
				LastUpgradeCheck = 0500;
				ORGANIZATIONNAME = "Bill Richards";
				TargetAttributes = {
					2AEBE6F81870C29F0023F178 = {
						TestTargetID = 2AEBE6D71870C29F0023F178;
					};
				};
			};
			buildConfigurationList = 2AEBE6D31870C29F0023F178 /* Build configuration list for PBXProject "autolayout-animation-example" */;
			compatibilityVersion = "Xcode 3.2";
			developmentRegion = English;
			hasScannedForEncodings = 0;
			knownRegions = (
				en,
				Base,
			);
			mainGroup = 2AEBE6CF1870C29F0023F178;
			productRefGroup = 2AEBE6D91870C29F0023F178 /* Products */;
			projectDirPath = "";
			projectRoot = "";
			targets = (
				2AEBE6D71870C29F0023F178 /* autolayout-animation-example */,
				2AEBE6F81870C29F0023F178 /* autolayout-animation-exampleTests */,
			);
		};
/* End PBXProject section */

/* Begin PBXResourcesBuildPhase section */
		2AEBE6D61870C29F0023F178 /* Resources */ = {
			isa = PBXResourcesBuildPhase;
			buildActionMask = 2147483647;
			files = (
				2AEBE6F41870C29F0023F178 /* Images.xcassets in Resources */,
				2AEBE6E61870C29F0023F178 /* InfoPlist.strings in Resources */,
				2AEBE6EF1870C29F0023F178 /* Main.storyboard in Resources */,
			);
			runOnlyForDeploymentPostprocessing = 0;
		};
		2AEBE6F71870C29F0023F178 /* Resources */ = {
			isa = PBXResourcesBuildPhase;
			buildActionMask = 2147483647;
			files = (
				2AEBE7051870C29F0023F178 /* InfoPlist.strings in Resources */,
			);
			runOnlyForDeploymentPostprocessing = 0;
		};
/* End PBXResourcesBuildPhase section */

/* Begin PBXSourcesBuildPhase section */
		2AEBE6D41870C29F0023F178 /* Sources */ = {
			isa = PBXSourcesBuildPhase;
			buildActionMask = 2147483647;
			files = (
				2AEBE6F21870C29F0023F178 /* ViewController.m in Sources */,
				2AEBE6EC1870C29F0023F178 /* AppDelegate.m in Sources */,
				2AEBE6E81870C29F0023F178 /* main.m in Sources */,
			);
			runOnlyForDeploymentPostprocessing = 0;
		};
		2AEBE6F51870C29F0023F178 /* Sources */ = {
			isa = PBXSourcesBuildPhase;
			buildActionMask = 2147483647;
			files = (
				2AEBE7071870C29F0023F178 /* autolayout_animation_exampleTests.m in Sources */,
			);
			runOnlyForDeploymentPostprocessing = 0;
		};
/* End PBXSourcesBuildPhase section */

/* Begin PBXTargetDependency section */
		2AEBE6FF1870C29F0023F178 /* PBXTargetDependency */ = {
			isa = PBXTargetDependency;
			target = 2AEBE6D71870C29F0023F178 /* autolayout-animation-example */;
			targetProxy = 2AEBE6FE1870C29F0023F178 /* PBXContainerItemProxy */;
		};
/* End PBXTargetDependency section */

/* Begin PBXVariantGroup section */
		2AEBE6E41870C29F0023F178 /* InfoPlist.strings */ = {
			isa = PBXVariantGroup;
			children = (
				2AEBE6E51870C29F0023F178 /* en */,
			);
			name = InfoPlist.strings;
			sourceTree = "<group>";
		};
		2AEBE6ED1870C29F0023F178 /* Main.storyboard */ = {
			isa = PBXVariantGroup;
			children = (
				2AEBE6EE1870C29F0023F178 /* Base */,
			);
			name = Main.storyboard;
			sourceTree = "<group>";
		};
		2AEBE7031870C29F0023F178 /* InfoPlist.strings */ = {
			isa = PBXVariantGroup;
			children = (
				2AEBE7041870C29F0023F178 /* en */,
			);
			name = InfoPlist.strings;
			sourceTree = "<group>";
		};
/* End PBXVariantGroup section */

/* Begin XCBuildConfiguration section */
		2AEBE7081870C29F0023F178 /* Debug */ = {
			isa = XCBuildConfiguration;
			buildSettings = {
				ALWAYS_SEARCH_USER_PATHS = NO;
				ARCHS = "$(ARCHS_STANDARD_INCLUDING_64_BIT)";
				CLANG_CXX_LANGUAGE_STANDARD = "gnu++0x";
				CLANG_CXX_LIBRARY = "libc++";
				CLANG_ENABLE_MODULES = YES;
				CLANG_ENABLE_OBJC_ARC = YES;
				CLANG_WARN_BOOL_CONVERSION = YES;
				CLANG_WARN_CONSTANT_CONVERSION = YES;
				CLANG_WARN_DIRECT_OBJC_ISA_USAGE = YES_ERROR;
				CLANG_WARN_EMPTY_BODY = YES;
				CLANG_WARN_ENUM_CONVERSION = YES;
				CLANG_WARN_INT_CONVERSION = YES;
				CLANG_WARN_OBJC_ROOT_CLASS = YES_ERROR;
				CLANG_WARN__DUPLICATE_METHOD_MATCH = YES;
				"CODE_SIGN_IDENTITY[sdk=iphoneos*]" = "iPhone Developer";
				COPY_PHASE_STRIP = NO;
				GCC_C_LANGUAGE_STANDARD = gnu99;
				GCC_DYNAMIC_NO_PIC = NO;
				GCC_OPTIMIZATION_LEVEL = 0;
				GCC_PREPROCESSOR_DEFINITIONS = (
					"DEBUG=1",
					"$(inherited)",
				);
				GCC_SYMBOLS_PRIVATE_EXTERN = NO;
				GCC_WARN_64_TO_32_BIT_CONVERSION = YES;
				GCC_WARN_ABOUT_RETURN_TYPE = YES_ERROR;
				GCC_WARN_UNDECLARED_SELECTOR = YES;
				GCC_WARN_UNINITIALIZED_AUTOS = YES;
				GCC_WARN_UNUSED_FUNCTION = YES;
				GCC_WARN_UNUSED_VARIABLE = YES;
				IPHONEOS_DEPLOYMENT_TARGET = 7.0;
				ONLY_ACTIVE_ARCH = YES;
				SDKROOT = iphoneos;
			};
			name = Debug;
		};
		2AEBE7091870C29F0023F178 /* Release */ = {
			isa = XCBuildConfiguration;
			buildSettings = {
				ALWAYS_SEARCH_USER_PATHS = NO;
				ARCHS = "$(ARCHS_STANDARD_INCLUDING_64_BIT)";
				CLANG_CXX_LANGUAGE_STANDARD = "gnu++0x";
				CLANG_CXX_LIBRARY = "libc++";
				CLANG_ENABLE_MODULES = YES;
				CLANG_ENABLE_OBJC_ARC = YES;
				CLANG_WARN_BOOL_CONVERSION = YES;
				CLANG_WARN_CONSTANT_CONVERSION = YES;
				CLANG_WARN_DIRECT_OBJC_ISA_USAGE = YES_ERROR;
				CLANG_WARN_EMPTY_BODY = YES;
				CLANG_WARN_ENUM_CONVERSION = YES;
				CLANG_WARN_INT_CONVERSION = YES;
				CLANG_WARN_OBJC_ROOT_CLASS = YES_ERROR;
				CLANG_WARN__DUPLICATE_METHOD_MATCH = YES;
				"CODE_SIGN_IDENTITY[sdk=iphoneos*]" = "iPhone Developer";
				COPY_PHASE_STRIP = YES;
				ENABLE_NS_ASSERTIONS = NO;
				GCC_C_LANGUAGE_STANDARD = gnu99;
				GCC_WARN_64_TO_32_BIT_CONVERSION = YES;
				GCC_WARN_ABOUT_RETURN_TYPE = YES_ERROR;
				GCC_WARN_UNDECLARED_SELECTOR = YES;
				GCC_WARN_UNINITIALIZED_AUTOS = YES;
				GCC_WARN_UNUSED_FUNCTION = YES;
				GCC_WARN_UNUSED_VARIABLE = YES;
				IPHONEOS_DEPLOYMENT_TARGET = 7.0;
				SDKROOT = iphoneos;
				VALIDATE_PRODUCT = YES;
			};
			name = Release;
		};
		2AEBE70B1870C29F0023F178 /* Debug */ = {
			isa = XCBuildConfiguration;
			buildSettings = {
				ASSETCATALOG_COMPILER_APPICON_NAME = AppIcon;
				ASSETCATALOG_COMPILER_LAUNCHIMAGE_NAME = LaunchImage;
				GCC_PRECOMPILE_PREFIX_HEADER = YES;
				GCC_PREFIX_HEADER = "autolayout-animation-example/autolayout-animation-example-Prefix.pch";
				INFOPLIST_FILE = "autolayout-animation-example/autolayout-animation-example-Info.plist";
				PRODUCT_NAME = "$(TARGET_NAME)";
				WRAPPER_EXTENSION = app;
			};
			name = Debug;
		};
		2AEBE70C1870C29F0023F178 /* Release */ = {
			isa = XCBuildConfiguration;
			buildSettings = {
				ASSETCATALOG_COMPILER_APPICON_NAME = AppIcon;
				ASSETCATALOG_COMPILER_LAUNCHIMAGE_NAME = LaunchImage;
				GCC_PRECOMPILE_PREFIX_HEADER = YES;
				GCC_PREFIX_HEADER = "autolayout-animation-example/autolayout-animation-example-Prefix.pch";
				INFOPLIST_FILE = "autolayout-animation-example/autolayout-animation-example-Info.plist";
				PRODUCT_NAME = "$(TARGET_NAME)";
				WRAPPER_EXTENSION = app;
			};
			name = Release;
		};
		2AEBE70E1870C29F0023F178 /* Debug */ = {
			isa = XCBuildConfiguration;
			buildSettings = {
				ARCHS = "$(ARCHS_STANDARD_INCLUDING_64_BIT)";
				BUNDLE_LOADER = "$(BUILT_PRODUCTS_DIR)/autolayout-animation-example.app/autolayout-animation-example";
				FRAMEWORK_SEARCH_PATHS = (
					"$(SDKROOT)/Developer/Library/Frameworks",
					"$(inherited)",
					"$(DEVELOPER_FRAMEWORKS_DIR)",
				);
				GCC_PRECOMPILE_PREFIX_HEADER = YES;
				GCC_PREFIX_HEADER = "autolayout-animation-example/autolayout-animation-example-Prefix.pch";
				GCC_PREPROCESSOR_DEFINITIONS = (
					"DEBUG=1",
					"$(inherited)",
				);
				INFOPLIST_FILE = "autolayout-animation-exampleTests/autolayout-animation-exampleTests-Info.plist";
				PRODUCT_NAME = "$(TARGET_NAME)";
				TEST_HOST = "$(BUNDLE_LOADER)";
				WRAPPER_EXTENSION = xctest;
			};
			name = Debug;
		};
		2AEBE70F1870C29F0023F178 /* Release */ = {
			isa = XCBuildConfiguration;
			buildSettings = {
				ARCHS = "$(ARCHS_STANDARD_INCLUDING_64_BIT)";
				BUNDLE_LOADER = "$(BUILT_PRODUCTS_DIR)/autolayout-animation-example.app/autolayout-animation-example";
				FRAMEWORK_SEARCH_PATHS = (
					"$(SDKROOT)/Developer/Library/Frameworks",
					"$(inherited)",
					"$(DEVELOPER_FRAMEWORKS_DIR)",
				);
				GCC_PRECOMPILE_PREFIX_HEADER = YES;
				GCC_PREFIX_HEADER = "autolayout-animation-example/autolayout-animation-example-Prefix.pch";
				INFOPLIST_FILE = "autolayout-animation-exampleTests/autolayout-animation-exampleTests-Info.plist";
				PRODUCT_NAME = "$(TARGET_NAME)";
				TEST_HOST = "$(BUNDLE_LOADER)";
				WRAPPER_EXTENSION = xctest;
			};
			name = Release;
		};
/* End XCBuildConfiguration section */

/* Begin XCConfigurationList section */
		2AEBE6D31870C29F0023F178 /* Build configuration list for PBXProject "autolayout-animation-example" */ = {
			isa = XCConfigurationList;
			buildConfigurations = (
				2AEBE7081870C29F0023F178 /* Debug */,
				2AEBE7091870C29F0023F178 /* Release */,
			);
			defaultConfigurationIsVisible = 0;
			defaultConfigurationName = Release;
		};
		2AEBE70A1870C29F0023F178 /* Build configuration list for PBXNativeTarget "autolayout-animation-example" */ = {
			isa = XCConfigurationList;
			buildConfigurations = (
				2AEBE70B1870C29F0023F178 /* Debug */,
				2AEBE70C1870C29F0023F178 /* Release */,
			);
			defaultConfigurationIsVisible = 0;
		};
		2AEBE70D1870C29F0023F178 /* Build configuration list for PBXNativeTarget "autolayout-animation-exampleTests" */ = {
			isa = XCConfigurationList;
			buildConfigurations = (
				2AEBE70E1870C29F0023F178 /* Debug */,
				2AEBE70F1870C29F0023F178 /* Release */,
			);
			defaultConfigurationIsVisible = 0;
		};
/* End XCConfigurationList section */
	};
	rootObject = 2AEBE6D01870C29F0023F178 /* Project object */;
}
